# This file is generated by running "yarn install" inside your project.
# Manual changes might be lost - proceed with caution!

__metadata:
  version: 4
  cacheKey: 8

"@discordjs/collection@npm:^0.3.2":
  version: 0.3.2
  resolution: "@discordjs/collection@npm:0.3.2"
  checksum: 77def13598fce0f33cdd1e45e0e57b4452a1fa348e30d7d3a3b5a56409def4c4785462828b163aea83d659b93412d5dc18c22c85eff499dfc11c24011e8b18e6
  languageName: node
  linkType: hard

"@rockstar/client@workspace:client":
  version: 0.0.0-use.local
  resolution: "@rockstar/client@workspace:client"
  dependencies:
    "@discordjs/collection": ^0.3.2
    "@rockstar/handler": ^1.0.0
    "@types/amqplib": ^0.8.2
    "@types/fast-levenshtein": ^0.0.2
    amqplib: ^0.8.0
    dotenv: ^10.0.0
    eris: ^0.16.1
    fast-levenshtein: ^3.0.0
    shlex: ^2.1.0
  languageName: unknown
  linkType: soft

"@rockstar/handler@^1.0.0, @rockstar/handler@workspace:handler":
  version: 0.0.0-use.local
  resolution: "@rockstar/handler@workspace:handler"
  dependencies:
    "@discordjs/collection": ^0.3.2
  peerDependencies:
    eris: ^0.16
  languageName: unknown
  linkType: soft

"@types/amqplib@npm:^0.8.2":
  version: 0.8.2
  resolution: "@types/amqplib@npm:0.8.2"
  dependencies:
    "@types/bluebird": "*"
    "@types/node": "*"
  checksum: 8b30e22cf890631637ad40fa8eda3323d3ca156c18f23a59c10befd96beab0c046f3f7c2c0a196fc36a669d848b09999ca1f5a0fa2620009656f028667e2bdb8
  languageName: node
  linkType: hard

"@types/bluebird@npm:*":
  version: 3.5.36
  resolution: "@types/bluebird@npm:3.5.36"
  checksum: efe7484e1f6c3443c083f052efb7688b461a9f43899b1891c10b1faf92e4932d686265d10c3e02b8c8fe0c8c371774e6a55ff6eec5e79525390a1ddeee7eb41b
  languageName: node
  linkType: hard

"@types/fast-levenshtein@npm:^0.0.2":
  version: 0.0.2
  resolution: "@types/fast-levenshtein@npm:0.0.2"
  checksum: fb886b85c3a314948a86ad164b91217454993c88f658a529013cd0084e24996cd58637baf66e818ac6e78819e831e06a8d38d6f5f81ab36d1d4cf4c3da3c5e5b
  languageName: node
  linkType: hard

"@types/node@npm:*, @types/node@npm:^16.11.12":
  version: 16.11.12
  resolution: "@types/node@npm:16.11.12"
  checksum: a3feb346d61a56f5a137c29bb8c63cfa3cc02e184b9dffdc18ef1528dcce55596e570575215a2e39e6ce69343eeb2a5ba71c271938f1dc8db4cc393902855412
  languageName: node
  linkType: hard

"amqplib@npm:^0.8.0":
  version: 0.8.0
  resolution: "amqplib@npm:0.8.0"
  dependencies:
    bitsyntax: ~0.1.0
    bluebird: ^3.7.2
    buffer-more-ints: ~1.0.0
    readable-stream: 1.x >=1.1.9
    safe-buffer: ~5.2.1
    url-parse: ~1.5.1
  checksum: fc8f227769f0d3a731eeeb9732b862b651810cef763ddf402b97a923bb1818b6739dc6a031cabe8ee0940192b5f3949e2320f76a87ed8f71425a429512c8d4d1
  languageName: node
  linkType: hard

"bitsyntax@npm:~0.1.0":
  version: 0.1.0
  resolution: "bitsyntax@npm:0.1.0"
  dependencies:
    buffer-more-ints: ~1.0.0
    debug: ~2.6.9
    safe-buffer: ~5.1.2
  checksum: b9f1548eeea950a59021b58bd2caf0bc402de94e2797fa274ed5a57dfc54240a9acbf2115b342e698c7e398949c6a13e87fb9da15388e9d007411080dd195f07
  languageName: node
  linkType: hard

"bluebird@npm:^3.7.2":
  version: 3.7.2
  resolution: "bluebird@npm:3.7.2"
  checksum: 869417503c722e7dc54ca46715f70e15f4d9c602a423a02c825570862d12935be59ed9c7ba34a9b31f186c017c23cac6b54e35446f8353059c101da73eac22ef
  languageName: node
  linkType: hard

"buffer-more-ints@npm:~1.0.0":
  version: 1.0.0
  resolution: "buffer-more-ints@npm:1.0.0"
  checksum: f6e88dade08a6d36f32d5f3ece141583a4f61d6c36970b16f4699bd00cfe95d4015525c2a741cf46eb918acfd61cac95683fb995189fd65c13b14949c90bfe75
  languageName: node
  linkType: hard

"core-util-is@npm:~1.0.0":
  version: 1.0.3
  resolution: "core-util-is@npm:1.0.3"
  checksum: 9de8597363a8e9b9952491ebe18167e3b36e7707569eed0ebf14f8bba773611376466ae34575bca8cfe3c767890c859c74056084738f09d4e4a6f902b2ad7d99
  languageName: node
  linkType: hard

"debug@npm:~2.6.9":
  version: 2.6.9
  resolution: "debug@npm:2.6.9"
  dependencies:
    ms: 2.0.0
  checksum: d2f51589ca66df60bf36e1fa6e4386b318c3f1e06772280eea5b1ae9fd3d05e9c2b7fd8a7d862457d00853c75b00451aa2d7459b924629ee385287a650f58fe6
  languageName: node
  linkType: hard

"dotenv@npm:^10.0.0":
  version: 10.0.0
  resolution: "dotenv@npm:10.0.0"
  checksum: f412c5fe8c24fbe313d302d2500e247ba8a1946492db405a4de4d30dd0eb186a88a43f13c958c5a7de303938949c4231c56994f97d05c4bc1f22478d631b4005
  languageName: node
  linkType: hard

"eris@npm:^0.16.1":
  version: 0.16.1
  resolution: "eris@npm:0.16.1"
  dependencies:
    opusscript: ^0.0.8
    tweetnacl: ^1.0.3
    ws: ^8.2.3
  dependenciesMeta:
    opusscript:
      optional: true
    tweetnacl:
      optional: true
  checksum: 86fe74000178ae858453371bb5a019ad525b2e84fa47924c016290fd4006d222696919145c450619e1913349592e1e610e28700eab8208001c4600dc0dbdfe35
  languageName: node
  linkType: hard

"fast-levenshtein@npm:^3.0.0":
  version: 3.0.0
  resolution: "fast-levenshtein@npm:3.0.0"
  dependencies:
    fastest-levenshtein: ^1.0.7
  checksum: 02732ba6c656797ca7e987c25f3e53718c8fcc39a4bfab46def78eef7a8729eb629632d4a7eca4c27a33e10deabffa9984839557e18a96e91ecf7ccaeedb9890
  languageName: node
  linkType: hard

"fastest-levenshtein@npm:^1.0.7":
  version: 1.0.12
  resolution: "fastest-levenshtein@npm:1.0.12"
  checksum: e1a013698dd1d302c7a78150130c7d50bb678c2c2f8839842a796d66cc7cdf50ea6b3d7ca930b0c8e7e8c2cd84fea8ab831023b382f7aab6922c318c1451beab
  languageName: node
  linkType: hard

"inherits@npm:~2.0.1":
  version: 2.0.4
  resolution: "inherits@npm:2.0.4"
  checksum: 4a48a733847879d6cf6691860a6b1e3f0f4754176e4d71494c41f3475553768b10f84b5ce1d40fbd0e34e6bfbb864ee35858ad4dd2cf31e02fc4a154b724d7f1
  languageName: node
  linkType: hard

"isarray@npm:0.0.1":
  version: 0.0.1
  resolution: "isarray@npm:0.0.1"
  checksum: 49191f1425681df4a18c2f0f93db3adb85573bcdd6a4482539d98eac9e705d8961317b01175627e860516a2fc45f8f9302db26e5a380a97a520e272e2a40a8d4
  languageName: node
  linkType: hard

"ms@npm:2.0.0":
  version: 2.0.0
  resolution: "ms@npm:2.0.0"
  checksum: 0e6a22b8b746d2e0b65a430519934fefd41b6db0682e3477c10f60c76e947c4c0ad06f63ffdf1d78d335f83edee8c0aa928aa66a36c7cd95b69b26f468d527f4
  languageName: node
  linkType: hard

"opusscript@npm:^0.0.8":
  version: 0.0.8
  resolution: "opusscript@npm:0.0.8"
  checksum: 0c3175a4013f5bd4578ae06f906573717ab5570d6013a15796273fb375f083530073374add3838fa944afbe242740fd27053629f7796a208d7e8be14674ba147
  languageName: node
  linkType: hard

"prettier@npm:^2.5.1":
  version: 2.5.1
  resolution: "prettier@npm:2.5.1"
  bin:
    prettier: bin-prettier.js
  checksum: 21b9408476ea1c544b0e45d51ceb94a84789ff92095abb710942d780c862d0daebdb29972d47f6b4d0f7ebbfb0ffbf56cc2cfa3e3e9d1cca54864af185b15b66
  languageName: node
  linkType: hard

"querystringify@npm:^2.1.1":
  version: 2.2.0
  resolution: "querystringify@npm:2.2.0"
  checksum: 5641ea231bad7ef6d64d9998faca95611ed4b11c2591a8cae741e178a974f6a8e0ebde008475259abe1621cb15e692404e6b6626e927f7b849d5c09392604b15
  languageName: node
  linkType: hard

"readable-stream@npm:1.x >=1.1.9":
  version: 1.1.14
  resolution: "readable-stream@npm:1.1.14"
  dependencies:
    core-util-is: ~1.0.0
    inherits: ~2.0.1
    isarray: 0.0.1
    string_decoder: ~0.10.x
  checksum: 17dfeae3e909945a4a1abc5613ea92d03269ef54c49288599507fc98ff4615988a1c39a999dcf9aacba70233d9b7040bc11a5f2bfc947e262dedcc0a8b32b5a0
  languageName: node
  linkType: hard

"requires-port@npm:^1.0.0":
  version: 1.0.0
  resolution: "requires-port@npm:1.0.0"
  checksum: eee0e303adffb69be55d1a214e415cf42b7441ae858c76dfc5353148644f6fd6e698926fc4643f510d5c126d12a705e7c8ed7e38061113bdf37547ab356797ff
  languageName: node
  linkType: hard

"rockstar@workspace:.":
  version: 0.0.0-use.local
  resolution: "rockstar@workspace:."
  dependencies:
    "@types/node": ^16.11.12
    prettier: ^2.5.1
    typescript: ^4.5.3
  languageName: unknown
  linkType: soft

"safe-buffer@npm:~5.1.2":
  version: 5.1.2
  resolution: "safe-buffer@npm:5.1.2"
  checksum: f2f1f7943ca44a594893a852894055cf619c1fbcb611237fc39e461ae751187e7baf4dc391a72125e0ac4fb2d8c5c0b3c71529622e6a58f46b960211e704903c
  languageName: node
  linkType: hard

"safe-buffer@npm:~5.2.1":
  version: 5.2.1
  resolution: "safe-buffer@npm:5.2.1"
  checksum: b99c4b41fdd67a6aaf280fcd05e9ffb0813654894223afb78a31f14a19ad220bba8aba1cb14eddce1fcfb037155fe6de4e861784eb434f7d11ed58d1e70dd491
  languageName: node
  linkType: hard

"shlex@npm:^2.1.0":
  version: 2.1.0
  resolution: "shlex@npm:2.1.0"
  checksum: 9fc018f86d650e386e94d855ac039a9c8eac19403045d300d8298b16e26b5cb2e8bb8755873019cedf1427f76fa04be3ec04e891113f5fcf543d88f8339943ae
  languageName: node
  linkType: hard

"string_decoder@npm:~0.10.x":
  version: 0.10.31
  resolution: "string_decoder@npm:0.10.31"
  checksum: fe00f8e303647e5db919948ccb5ce0da7dea209ab54702894dd0c664edd98e5d4df4b80d6fabf7b9e92b237359d21136c95bf068b2f7760b772ca974ba970202
  languageName: node
  linkType: hard

"tweetnacl@npm:^1.0.3":
  version: 1.0.3
  resolution: "tweetnacl@npm:1.0.3"
  checksum: e4a57cac188f0c53f24c7a33279e223618a2bfb5fea426231991652a13247bea06b081fd745d71291fcae0f4428d29beba1b984b1f1ce6f66b06a6d1ab90645c
  languageName: node
  linkType: hard

typescript@^4.5.3:
  version: 4.5.3
  resolution: "typescript@npm:4.5.3"
  bin:
    tsc: bin/tsc
    tsserver: bin/tsserver
  checksum: 2ac278c20418882816789ad94a5d9e7f11969db7a2a23fa09e61f2fedf3814265cbd4f89d7f5b6e1f0e7be2b5f169becf5dab913d0da255b073ea3c8c324e6d4
  languageName: node
  linkType: hard

"typescript@patch:typescript@^4.5.3#~builtin<compat/typescript>":
  version: 4.5.3
  resolution: "typescript@patch:typescript@npm%3A4.5.3#~builtin<compat/typescript>::version=4.5.3&hash=32657b"
  bin:
    tsc: bin/tsc
    tsserver: bin/tsserver
  checksum: 79fc9800039394632978ef088cb0142e2f1672d1446f19199ff65783c8678e70e97349f69b89638c0ead15ba1ed46af794f6e182d8da7c97d832c173535eaa1e
  languageName: node
  linkType: hard

"url-parse@npm:~1.5.1":
  version: 1.5.3
  resolution: "url-parse@npm:1.5.3"
  dependencies:
    querystringify: ^2.1.1
    requires-port: ^1.0.0
  checksum: c6b32fff835e43f3b1b4150239f459744f0ab1a908841dbfecbfc79bf67f4d6c8d9af1841d0c6d814d45bfa08525cc29312a0bef31db7aa894306b3db07e4ee0
  languageName: node
  linkType: hard

"ws@npm:^8.2.3":
  version: 8.3.0
  resolution: "ws@npm:8.3.0"
  peerDependencies:
    bufferutil: ^4.0.1
    utf-8-validate: ^5.0.2
  peerDependenciesMeta:
    bufferutil:
      optional: true
    utf-8-validate:
      optional: true
  checksum: 71f6919e3cb2c60ae53e00b13d7782bb77005750641855153a1716c23b7011259fe3a29a432522a3044dc7c579a7e2f5a495bb79ba9f823ce6c2e763300ef99b
  languageName: node
  linkType: hard
